
Microsoft Visual Studio Solution File, Format Version 12.00
# Visual Studio Version 16
VisualStudioVersion = 16.0.34031.81
MinimumVisualStudioVersion = 10.0.40219.1
Project("{FAE04EC0-301F-11D3-BF4B-00C04F79EFBC}") = "csn-tictactoe-csharp", "csn-tictactoe-csharp\csn-tictactoe-csharp.csproj", "{09AE0C0E-A8B3-4FAF-A090-8A54BE733A97}"
EndProject
Global
	GlobalSection(SolutionConfigurationPlatforms) = preSolution
		Debug|Any CPU = Debug|Any CPU
		Release|Any CPU = Release|Any CPU
	EndGlobalSection
	GlobalSection(ProjectConfigurationPlatforms) = postSolution
		{09AE0C0E-A8B3-4FAF-A090-8A54BE733A97}.Debug|Any CPU.ActiveCfg = Debug|Any CPU
		{09AE0C0E-A8B3-4FAF-A090-8A54BE733A97}.Debug|Any CPU.Build.0 = Debug|Any CPU
		{09AE0C0E-A8B3-4FAF-A090-8A54BE733A97}.Release|Any CPU.ActiveCfg = Release|Any CPU
		{09AE0C0E-A8B3-4FAF-A090-8A54BE733A97}.Release|Any CPU.Build.0 = Release|Any CPU
	EndGlobalSection
	GlobalSection(SolutionProperties) = preSolution
		HideSolutionNode = FALSE
	EndGlobalSection
	GlobalSection(ExtensibilityGlobals) = postSolution
		SolutionGuid = {008E15A0-94D7-4F3F-A585-C47ECFE20788}
	EndGlobalSection
EndGlobal
